{
  "version": "3",
  "packages": {
    "specifiers": {
      "jsr:@gnome/runtime-constants@^0.0.0": "jsr:@gnome/runtime-constants@0.0.0",
      "jsr:@std/assert@^0.224.0": "jsr:@std/assert@0.224.0",
      "jsr:@std/fmt@^0.224.0": "jsr:@std/fmt@0.224.0",
      "jsr:@std/internal@^0.224.0": "jsr:@std/internal@0.224.0"
    },
    "jsr": {
      "@gnome/runtime-constants@0.0.0": {
        "integrity": "8f0a2e3a53dc3fdb4b57acc9f4e9042326462eac3a80e87d231399fafe0f3ec6"
      },
      "@std/assert@0.224.0": {
        "integrity": "8643233ec7aec38a940a8264a6e3eed9bfa44e7a71cc6b3c8874213ff401967f",
        "dependencies": [
          "jsr:@std/fmt@^0.224.0",
          "jsr:@std/internal@^0.224.0"
        ]
      },
      "@std/fmt@0.224.0": {
        "integrity": "e20e9a2312a8b5393272c26191c0a68eda8d2c4b08b046bad1673148f1d69851"
      },
      "@std/internal@0.224.0": {
        "integrity": "afc50644f9cdf4495eeb80523a8f6d27226b4b36c45c7c195dfccad4b8509291"
      }
    }
  },
  "remote": {},
  "workspace": {
    "dependencies": [
      "jsr:@gnome/runtime-constants@^0.0.0",
      "jsr:@gnome/runtime-info@^0.0.0"
    ],
    "packageJson": {
      "dependencies": [
        "npm:@jsr/gnome__runtime-constants",
        "npm:jsr@^0.12.3",
        "npm:tsx@^4.7.3"
      ]
    }
  }
}
